
Microsoft Visual Studio Solution File, Format Version 12.00
# Visual Studio 2017
Project("{FAE04EC0-301F-11D3-BF4B-00C04F79EFBC}") = "CATExplore-01.Plugins", "CATExplore-01.Plugins.csproj", "{9668B33F-7130-BDB5-B518-3321192EA89E}"
EndProject
Project("{FAE04EC0-301F-11D3-BF4B-00C04F79EFBC}") = "CATExplore-01.Editor.Plugins", "CATExplore-01.Editor.Plugins.csproj", "{323BF3D9-E6D5-7133-6198-E7D341AFCAF1}"
EndProject
Global
	GlobalSection(SolutionConfigurationPlatforms) = preSolution
		Debug|Any CPU = Debug|Any CPU
		Release|Any CPU = Release|Any CPU
	EndGlobalSection
	GlobalSection(ProjectConfigurationPlatforms) = postSolution
		{9668B33F-7130-BDB5-B518-3321192EA89E}.Debug|Any CPU.ActiveCfg = Debug|Any CPU
		{9668B33F-7130-BDB5-B518-3321192EA89E}.Debug|Any CPU.Build.0 = Debug|Any CPU
		{9668B33F-7130-BDB5-B518-3321192EA89E}.Release|Any CPU.ActiveCfg = Release|Any CPU
		{9668B33F-7130-BDB5-B518-3321192EA89E}.Release|Any CPU.Build.0 = Release|Any CPU
		{323BF3D9-E6D5-7133-6198-E7D341AFCAF1}.Debug|Any CPU.ActiveCfg = Debug|Any CPU
		{323BF3D9-E6D5-7133-6198-E7D341AFCAF1}.Debug|Any CPU.Build.0 = Debug|Any CPU
		{323BF3D9-E6D5-7133-6198-E7D341AFCAF1}.Release|Any CPU.ActiveCfg = Release|Any CPU
		{323BF3D9-E6D5-7133-6198-E7D341AFCAF1}.Release|Any CPU.Build.0 = Release|Any CPU
	EndGlobalSection
	GlobalSection(SolutionProperties) = preSolution
		HideSolutionNode = FALSE
	EndGlobalSection
EndGlobal
